
Microsoft Visual Studio Solution File, Format Version 12.00
# Visual Studio Version 17
VisualStudioVersion = 17.5.33414.496
MinimumVisualStudioVersion = 10.0.40219.1
Project("{FAE04EC0-301F-11D3-BF4B-00C04F79EFBC}") = "BattleBlade!SteelLegacy", "BattleBlade!SteelLegacy\BattleBlade!SteelLegacy.csproj", "{B05250CA-A0CE-4CE2-BD58-1CFF370DF262}"
EndProject
Global
	GlobalSection(SolutionConfigurationPlatforms) = preSolution
		Debug|Any CPU = Debug|Any CPU
		Release|Any CPU = Release|Any CPU
	EndGlobalSection
	GlobalSection(ProjectConfigurationPlatforms) = postSolution
		{B05250CA-A0CE-4CE2-BD58-1CFF370DF262}.Debug|Any CPU.ActiveCfg = Debug|Any CPU
		{B05250CA-A0CE-4CE2-BD58-1CFF370DF262}.Debug|Any CPU.Build.0 = Debug|Any CPU
		{B05250CA-A0CE-4CE2-BD58-1CFF370DF262}.Release|Any CPU.ActiveCfg = Release|Any CPU
		{B05250CA-A0CE-4CE2-BD58-1CFF370DF262}.Release|Any CPU.Build.0 = Release|Any CPU
	EndGlobalSection
	GlobalSection(SolutionProperties) = preSolution
		HideSolutionNode = FALSE
	EndGlobalSection
	GlobalSection(ExtensibilityGlobals) = postSolution
		SolutionGuid = {13DBF726-B66B-4BE3-A5B1-89E7E9E63CED}
	EndGlobalSection
EndGlobal
